// !$*UTF8*$!
{
	archiveVersion = 1;
	classes = {
	};
	objectVersion = 77;
	objects = {

/* Begin PBXBuildFile section */
		3131727D2DF8DA2B007615C8 /* WidgetKit.framework in Frameworks */ = {isa = PBXBuildFile; fileRef = 3131727C2DF8DA2B007615C8 /* WidgetKit.framework */; };
		3131727F2DF8DA2B007615C8 /* SwiftUI.framework in Frameworks */ = {isa = PBXBuildFile; fileRef = 3131727E2DF8DA2B007615C8 /* SwiftUI.framework */; };
		313172902DF8DA2C007615C8 /* ScriboWidgetExtension.appex in Embed Foundation Extensions */ = {isa = PBXBuildFile; fileRef = 3131727B2DF8DA2B007615C8 /* ScriboWidgetExtension.appex */; settings = {ATTRIBUTES = (RemoveHeadersOnCopy, ); }; };
		3158DFB62E4AFE9A00CA5D6B /* pleasant-done-notification.wav in Resources */ = {isa = PBXBuildFile; fileRef = 3158DFB52E4AFE9A00CA5D6B /* pleasant-done-notification.wav */; };
		3199B96A2F60C2060040385D /* Lottie in Frameworks */ = {isa = PBXBuildFile; productRef = 3199B9692F60C2060040385D /* Lottie */; };
		3199B96E2F60C4A60040385D /* Lottie in Frameworks */ = {isa = PBXBuildFile; productRef = 3199B96D2F60C4A60040385D /* Lottie */; };
		31B4042B2DD7C06F00BFCA45 /* GoogleMobileAds in Frameworks */ = {isa = PBXBuildFile; productRef = 31920CE72DF24BF100DB0186 /* GoogleMobileAds */; };
		31B4042C2DD7C06F00BFCA45 /* Lottie in Frameworks */ = {isa = PBXBuildFile; productRef = 3199B9652F60C0A40040385D /* Lottie */; };
		31B4042D2DD7C06F00BFCA45 /* Supabase in Frameworks */ = {isa = PBXBuildFile; productRef = 31ABE0E12DDBD24500515F83 /* Supabase */; };
/* End PBXBuildFile section */

/* Begin PBXContainerItemProxy section */
		3131728E2DF8DA2C007615C8 /* PBXContainerItemProxy */ = {
			isa = PBXContainerItemProxy;
			containerPortal = BF00E8D02CA1038100CCC3B5 /* Project object */;
			proxyType = 1;
			remoteGlobalIDString = 3131727A2DF8DA2B007615C8;
			remoteInfo = ScriboWidgetExtension;
		};
		BF00E8E92CA1038200CCC3B5 /* PBXContainerItemProxy */ = {
			isa = PBXContainerItemProxy;
			containerPortal = BF00E8D02CA1038100CCC3B5 /* Project object */;
			proxyType = 1;
			remoteGlobalIDString = BF00E8D72CA1038100CCC3B5;
			remoteInfo = Scribo;
		};
		BF00E8F32CA1038200CCC3B5 /* PBXContainerItemProxy */ = {
			isa = PBXContainerItemProxy;
			containerPortal = BF00E8D02CA1038100CCC3B5 /* Project object */;
			proxyType = 1;
			remoteGlobalIDString = BF00E8D72CA1038100CCC3B5;
			remoteInfo = Scribo;
		};
/* End PBXContainerItemProxy section */

/* Begin PBXCopyFilesBuildPhase section */
		313172912DF8DA2C007615C8 /* Embed Foundation Extensions */ = {
			isa = PBXCopyFilesBuildPhase;
			buildActionMask = 2147483647;
			dstPath = "";
			dstSubfolderSpec = 13;
			files = (
				313172902DF8DA2C007615C8 /* ScriboWidgetExtension.appex in Embed Foundation Extensions */,
			);
			name = "Embed Foundation Extensions";
			runOnlyForDeploymentPostprocessing = 0;
		};
/* End PBXCopyFilesBuildPhase section */

/* Begin PBXFileReference section */
		3131727B2DF8DA2B007615C8 /* ScriboWidgetExtension.appex */ = {isa = PBXFileReference; explicitFileType = "wrapper.app-extension"; includeInIndex = 0; path = ScriboWidgetExtension.appex; sourceTree = BUILT_PRODUCTS_DIR; };
		3131727C2DF8DA2B007615C8 /* WidgetKit.framework */ = {isa = PBXFileReference; lastKnownFileType = wrapper.framework; name = WidgetKit.framework; path = System/Library/Frameworks/WidgetKit.framework; sourceTree = SDKROOT; };
		3131727E2DF8DA2B007615C8 /* SwiftUI.framework */ = {isa = PBXFileReference; lastKnownFileType = wrapper.framework; name = SwiftUI.framework; path = System/Library/Frameworks/SwiftUI.framework; sourceTree = SDKROOT; };
		3158DFB52E4AFE9A00CA5D6B /* pleasant-done-notification.wav */ = {isa = PBXFileReference; lastKnownFileType = audio.wav; path = "pleasant-done-notification.wav"; sourceTree = "<group>"; };
		BF00E8D82CA1038100CCC3B5 /* Scribo.app */ = {isa = PBXFileReference; explicitFileType = wrapper.application; includeInIndex = 0; path = Scribo.app; sourceTree = BUILT_PRODUCTS_DIR; };
		BF00E8E82CA1038200CCC3B5 /* ScriboTests.xctest */ = {isa = PBXFileReference; explicitFileType = wrapper.cfbundle; includeInIndex = 0; path = ScriboTests.xctest; sourceTree = BUILT_PRODUCTS_DIR; };
		BF00E8F22CA1038200CCC3B5 /* ScriboUITests.xctest */ = {isa = PBXFileReference; explicitFileType = wrapper.cfbundle; includeInIndex = 0; path = ScriboUITests.xctest; sourceTree = BUILT_PRODUCTS_DIR; };
/* End PBXFileReference section */

/* Begin PBXFileSystemSynchronizedBuildFileExceptionSet section */
		313172952DF8DA2C007615C8 /* Exceptions for "ScriboWidget" folder in "ScriboWidgetExtension" target */ = {
			isa = PBXFileSystemSynchronizedBuildFileExceptionSet;
			membershipExceptions = (
				Info.plist,
			);
			target = 3131727A2DF8DA2B007615C8 /* ScriboWidgetExtension */;
		};
		31B404282DD7C06F00BFCA45 /* Exceptions for "Scribo" folder in "Scribo" target */ = {
			isa = PBXFileSystemSynchronizedBuildFileExceptionSet;
			membershipExceptions = (
				Info.plist,
			);
			target = BF00E8D72CA1038100CCC3B5 /* Scribo */;
		};
/* End PBXFileSystemSynchronizedBuildFileExceptionSet section */

/* Begin PBXFileSystemSynchronizedRootGroup section */
		313172802DF8DA2B007615C8 /* ScriboWidget */ = {
			isa = PBXFileSystemSynchronizedRootGroup;
			exceptions = (
				313172952DF8DA2C007615C8 /* Exceptions for "ScriboWidget" folder in "ScriboWidgetExtension" target */,
			);
			path = ScriboWidget;
			sourceTree = "<group>";
		};
		BF00E8DA2CA1038100CCC3B5 /* Scribo */ = {
			isa = PBXFileSystemSynchronizedRootGroup;
			exceptions = (
				31B404282DD7C06F00BFCA45 /* Exceptions for "Scribo" folder in "Scribo" target */,
			);
			path = Scribo;
			sourceTree = "<group>";
		};
		BF00E8EB2CA1038200CCC3B5 /* ScriboTests */ = {
			isa = PBXFileSystemSynchronizedRootGroup;
			path = ScriboTests;
			sourceTree = "<group>";
		};
		BF00E8F52CA1038200CCC3B5 /* ScriboUITests */ = {
			isa = PBXFileSystemSynchronizedRootGroup;
			path = ScriboUITests;
			sourceTree = "<group>";
		};
/* End PBXFileSystemSynchronizedRootGroup section */

/* Begin PBXFrameworksBuildPhase section */
		313172782DF8DA2B007615C8 /* Frameworks */ = {
			isa = PBXFrameworksBuildPhase;
			buildActionMask = 2147483647;
			files = (
				3131727F2DF8DA2B007615C8 /* SwiftUI.framework in Frameworks */,
				3131727D2DF8DA2B007615C8 /* WidgetKit.framework in Frameworks */,
				3199B96E2F60C4A60040385D /* Lottie in Frameworks */,
			);
			runOnlyForDeploymentPostprocessing = 0;
		};
		31B4042A2DD7C06F00BFCA45 /* Frameworks */ = {
			isa = PBXFrameworksBuildPhase;
			buildActionMask = 2147483647;
			files = (
				31B4042B2DD7C06F00BFCA45 /* GoogleMobileAds in Frameworks */,
				31B4042C2DD7C06F00BFCA45 /* Lottie in Frameworks */,
				31B4042D2DD7C06F00BFCA45 /* Supabase in Frameworks */,
			);
			runOnlyForDeploymentPostprocessing = 0;
		};
		BF00E8E52CA1038200CCC3B5 /* Frameworks */ = {
			isa = PBXFrameworksBuildPhase;
			buildActionMask = 2147483647;
			files = (
			);
			runOnlyForDeploymentPostprocessing = 0;
		};
		BF00E8EF2CA1038200CCC3B5 /* Frameworks */ = {
			isa = PBXFrameworksBuildPhase;
			buildActionMask = 2147483647;
			files = (
				3199B96A2F60C2060040385D /* Lottie in Frameworks */,
			);
			runOnlyForDeploymentPostprocessing = 0;
		};
/* End PBXFrameworksBuildPhase section */

/* Begin PBXGroup section */
		31ABE0E02DDBD24500515F83 /* Frameworks */ = {
			isa = PBXGroup;
			children = (
				3131727C2DF8DA2B007615C8 /* WidgetKit.framework */,
				3131727E2DF8DA2B007615C8 /* SwiftUI.framework */,
			);
			name = Frameworks;
			sourceTree = "<group>";
		};
		BF00E8CF2CA1038100CCC3B5 = {
			isa = PBXGroup;
			children = (
				BF00E8DA2CA1038100CCC3B5 /* Scribo */,
				BF00E8EB2CA1038200CCC3B5 /* ScriboTests */,
				BF00E8F52CA1038200CCC3B5 /* ScriboUITests */,
				313172802DF8DA2B007615C8 /* ScriboWidget */,
				31ABE0E02DDBD24500515F83 /* Frameworks */,
				BF00E8D92CA1038100CCC3B5 /* Products */,
				3158DFB52E4AFE9A00CA5D6B /* pleasant-done-notification.wav */,
			);
			sourceTree = "<group>";
		};
		BF00E8D92CA1038100CCC3B5 /* Products */ = {
			isa = PBXGroup;
			children = (
				BF00E8D82CA1038100CCC3B5 /* Scribo.app */,
				BF00E8E82CA1038200CCC3B5 /* ScriboTests.xctest */,
				BF00E8F22CA1038200CCC3B5 /* ScriboUITests.xctest */,
				3131727B2DF8DA2B007615C8 /* ScriboWidgetExtension.appex */,
			);
			name = Products;
			sourceTree = "<group>";
		};
/* End PBXGroup section */

/* Begin PBXNativeTarget section */
		3131727A2DF8DA2B007615C8 /* ScriboWidgetExtension */ = {
			isa = PBXNativeTarget;
			buildConfigurationList = 313172942DF8DA2C007615C8 /* Build configuration list for PBXNativeTarget "ScriboWidgetExtension" */;
			buildPhases = (
				313172772DF8DA2B007615C8 /* Sources */,
				313172782DF8DA2B007615C8 /* Frameworks */,
				313172792DF8DA2B007615C8 /* Resources */,
			);
			buildRules = (
			);
			dependencies = (
			);
			fileSystemSynchronizedGroups = (
				313172802DF8DA2B007615C8 /* ScriboWidget */,
			);
			name = ScriboWidgetExtension;
			packageProductDependencies = (
				3199B96D2F60C4A60040385D /* Lottie */,
			);
			productName = ScriboWidgetExtension;
			productReference = 3131727B2DF8DA2B007615C8 /* ScriboWidgetExtension.appex */;
			productType = "com.apple.product-type.app-extension";
		};
		BF00E8D72CA1038100CCC3B5 /* Scribo */ = {
			isa = PBXNativeTarget;
			buildConfigurationList = BF00E8FC2CA1038200CCC3B5 /* Build configuration list for PBXNativeTarget "Scribo" */;
			buildPhases = (
				BF00E8D42CA1038100CCC3B5 /* Sources */,
				31B4042A2DD7C06F00BFCA45 /* Frameworks */,
				BF00E8D62CA1038100CCC3B5 /* Resources */,
				313172912DF8DA2C007615C8 /* Embed Foundation Extensions */,
			);
			buildRules = (
			);
			dependencies = (
				3131728F2DF8DA2C007615C8 /* PBXTargetDependency */,
			);
			fileSystemSynchronizedGroups = (
				BF00E8DA2CA1038100CCC3B5 /* Scribo */,
			);
			name = Scribo;
			packageProductDependencies = (
				31ABE0E12DDBD24500515F83 /* Supabase */,
				31920CE72DF24BF100DB0186 /* GoogleMobileAds */,
				3199B9652F60C0A40040385D /* Lottie */,
			);
			productName = Scribo;
			productReference = BF00E8D82CA1038100CCC3B5 /* Scribo.app */;
			productType = "com.apple.product-type.application";
		};
		BF00E8E72CA1038200CCC3B5 /* ScriboTests */ = {
			isa = PBXNativeTarget;
			buildConfigurationList = BF00E8FF2CA1038200CCC3B5 /* Build configuration list for PBXNativeTarget "ScriboTests" */;
			buildPhases = (
				BF00E8E42CA1038200CCC3B5 /* Sources */,
				BF00E8E52CA1038200CCC3B5 /* Frameworks */,
				BF00E8E62CA1038200CCC3B5 /* Resources */,
			);
			buildRules = (
			);
			dependencies = (
				BF00E8EA2CA1038200CCC3B5 /* PBXTargetDependency */,
			);
			fileSystemSynchronizedGroups = (
				BF00E8EB2CA1038200CCC3B5 /* ScriboTests */,
			);
			name = ScriboTests;
			packageProductDependencies = (
			);
			productName = ScriboTests;
			productReference = BF00E8E82CA1038200CCC3B5 /* ScriboTests.xctest */;
			productType = "com.apple.product-type.bundle.unit-test";
		};
		BF00E8F12CA1038200CCC3B5 /* ScriboUITests */ = {
			isa = PBXNativeTarget;
			buildConfigurationList = BF00E9022CA1038200CCC3B5 /* Build configuration list for PBXNativeTarget "ScriboUITests" */;
			buildPhases = (
				BF00E8EE2CA1038200CCC3B5 /* Sources */,
				BF00E8EF2CA1038200CCC3B5 /* Frameworks */,
				BF00E8F02CA1038200CCC3B5 /* Resources */,
			);
			buildRules = (
			);
			dependencies = (
				BF00E8F42CA1038200CCC3B5 /* PBXTargetDependency */,
			);
			fileSystemSynchronizedGroups = (
				BF00E8F52CA1038200CCC3B5 /* ScriboUITests */,
			);
			name = ScriboUITests;
			packageProductDependencies = (
				3199B9692F60C2060040385D /* Lottie */,
			);
			productName = ScriboUITests;
			productReference = BF00E8F22CA1038200CCC3B5 /* ScriboUITests.xctest */;
			productType = "com.apple.product-type.bundle.ui-testing";
		};
/* End PBXNativeTarget section */

/* Begin PBXProject section */
		BF00E8D02CA1038100CCC3B5 /* Project object */ = {
			isa = PBXProject;
			attributes = {
				BuildIndependentTargetsInParallel = 1;
				LastSwiftUpdateCheck = 1620;
				LastUpgradeCheck = 1600;
				TargetAttributes = {
					3131727A2DF8DA2B007615C8 = {
						CreatedOnToolsVersion = 16.2;
					};
					BF00E8D72CA1038100CCC3B5 = {
						CreatedOnToolsVersion = 16.0;
					};
					BF00E8E72CA1038200CCC3B5 = {
						CreatedOnToolsVersion = 16.0;
						TestTargetID = BF00E8D72CA1038100CCC3B5;
					};
					BF00E8F12CA1038200CCC3B5 = {
						CreatedOnToolsVersion = 16.0;
						TestTargetID = BF00E8D72CA1038100CCC3B5;
					};
				};
			};
			buildConfigurationList = BF00E8D32CA1038100CCC3B5 /* Build configuration list for PBXProject "Scribo" */;
			developmentRegion = en;
			hasScannedForEncodings = 0;
			knownRegions = (
				en,
				Base,
			);
			mainGroup = BF00E8CF2CA1038100CCC3B5;
			minimizedProjectReferenceProxies = 1;
			packageReferences = (
				31ABE0C32DDBC1A300515F83 /* XCRemoteSwiftPackageReference "supabase-swift" */,
				317D88782DEA7E4D008C054B /* XCRemoteSwiftPackageReference "GoogleSignIn-iOS" */,
				314A9FA12DF249860003AC6D /* XCRemoteSwiftPackageReference "swift-package-manager-google-mobile-ads" */,
				3199B9642F60C0A40040385D /* XCRemoteSwiftPackageReference "lottie-ios" */,
			);
			preferredProjectObjectVersion = 77;
			productRefGroup = BF00E8D92CA1038100CCC3B5 /* Products */;
			projectDirPath = "";
			projectRoot = "";
			targets = (
				BF00E8D72CA1038100CCC3B5 /* Scribo */,
				BF00E8E72CA1038200CCC3B5 /* ScriboTests */,
				BF00E8F12CA1038200CCC3B5 /* ScriboUITests */,
				3131727A2DF8DA2B007615C8 /* ScriboWidgetExtension */,
			);
		};
/* End PBXProject section */

/* Begin PBXResourcesBuildPhase section */
		313172792DF8DA2B007615C8 /* Resources */ = {
			isa = PBXResourcesBuildPhase;
			buildActionMask = 2147483647;
			files = (
			);
			runOnlyForDeploymentPostprocessing = 0;
		};
		BF00E8D62CA1038100CCC3B5 /* Resources */ = {
			isa = PBXResourcesBuildPhase;
			buildActionMask = 2147483647;
			files = (
				3158DFB62E4AFE9A00CA5D6B /* pleasant-done-notification.wav in Resources */,
			);
			runOnlyForDeploymentPostprocessing = 0;
		};
		BF00E8E62CA1038200CCC3B5 /* Resources */ = {
			isa = PBXResourcesBuildPhase;
			buildActionMask = 2147483647;
			files = (
			);
			runOnlyForDeploymentPostprocessing = 0;
		};
		BF00E8F02CA1038200CCC3B5 /* Resources */ = {
			isa = PBXResourcesBuildPhase;
			buildActionMask = 2147483647;
			files = (
			);
			runOnlyForDeploymentPostprocessing = 0;
		};
/* End PBXResourcesBuildPhase section */

/* Begin PBXSourcesBuildPhase section */
		313172772DF8DA2B007615C8 /* Sources */ = {
			isa = PBXSourcesBuildPhase;
			buildActionMask = 2147483647;
			files = (
			);
			runOnlyForDeploymentPostprocessing = 0;
		};
		BF00E8D42CA1038100CCC3B5 /* Sources */ = {
			isa = PBXSourcesBuildPhase;
			buildActionMask = 2147483647;
			files = (
			);
			runOnlyForDeploymentPostprocessing = 0;
		};
		BF00E8E42CA1038200CCC3B5 /* Sources */ = {
			isa = PBXSourcesBuildPhase;
			buildActionMask = 2147483647;
			files = (
			);
			runOnlyForDeploymentPostprocessing = 0;
		};
		BF00E8EE2CA1038200CCC3B5 /* Sources */ = {
			isa = PBXSourcesBuildPhase;
			buildActionMask = 2147483647;
			files = (
			);
			runOnlyForDeploymentPostprocessing = 0;
		};
/* End PBXSourcesBuildPhase section */

/* Begin PBXTargetDependency section */
		3131728F2DF8DA2C007615C8 /* PBXTargetDependency */ = {
			isa = PBXTargetDependency;
			target = 3131727A2DF8DA2B007615C8 /* ScriboWidgetExtension */;
			targetProxy = 3131728E2DF8DA2C007615C8 /* PBXContainerItemProxy */;
		};
		BF00E8EA2CA1038200CCC3B5 /* PBXTargetDependency */ = {
			isa = PBXTargetDependency;
			target = BF00E8D72CA1038100CCC3B5 /* Scribo */;
			targetProxy = BF00E8E92CA1038200CCC3B5 /* PBXContainerItemProxy */;
		};
		BF00E8F42CA1038200CCC3B5 /* PBXTargetDependency */ = {
			isa = PBXTargetDependency;
			target = BF00E8D72CA1038100CCC3B5 /* Scribo */;
			targetProxy = BF00E8F32CA1038200CCC3B5 /* PBXContainerItemProxy */;
		};
/* End PBXTargetDependency section */

/* Begin XCBuildConfiguration section */
		313172922DF8DA2C007615C8 /* Debug */ = {
			isa = XCBuildConfiguration;
			buildSettings = {
				ASSETCATALOG_COMPILER_GLOBAL_ACCENT_COLOR_NAME = AccentColor;
				ASSETCATALOG_COMPILER_WIDGET_BACKGROUND_COLOR_NAME = WidgetBackground;
				CODE_SIGN_STYLE = Automatic;
				CURRENT_PROJECT_VERSION = 1;
				DEVELOPMENT_TEAM = T4U3LQTNHW;
				GENERATE_INFOPLIST_FILE = YES;
				INFOPLIST_FILE = ScriboWidget/Info.plist;
				INFOPLIST_KEY_CFBundleDisplayName = ScriboWidget;
				INFOPLIST_KEY_NSHumanReadableCopyright = "";
				IPHONEOS_DEPLOYMENT_TARGET = 18.2;
				LD_RUNPATH_SEARCH_PATHS = (
					"$(inherited)",
					"@executable_path/Frameworks",
					"@executable_path/../../Frameworks",
				);
				MARKETING_VERSION = 1.0;
				PRODUCT_BUNDLE_IDENTIFIER = com.dauntless.scribos.scribowidget;
				PRODUCT_NAME = "$(TARGET_NAME)";
				SKIP_INSTALL = YES;
				SWIFT_EMIT_LOC_STRINGS = YES;
				SWIFT_VERSION = 5.0;
				TARGETED_DEVICE_FAMILY = "1,2";
			};
			name = Debug;
		};
		313172932DF8DA2C007615C8 /* Release */ = {
			isa = XCBuildConfiguration;
			buildSettings = {
				ASSETCATALOG_COMPILER_GLOBAL_ACCENT_COLOR_NAME = AccentColor;
				ASSETCATALOG_COMPILER_WIDGET_BACKGROUND_COLOR_NAME = WidgetBackground;
				CODE_SIGN_STYLE = Automatic;
				CURRENT_PROJECT_VERSION = 1;
				DEVELOPMENT_TEAM = T4U3LQTNHW;
				GENERATE_INFOPLIST_FILE = YES;
				INFOPLIST_FILE = ScriboWidget/Info.plist;
				INFOPLIST_KEY_CFBundleDisplayName = ScriboWidget;
				INFOPLIST_KEY_NSHumanReadableCopyright = "";
				IPHONEOS_DEPLOYMENT_TARGET = 18.2;
				LD_RUNPATH_SEARCH_PATHS = (
					"$(inherited)",
					"@executable_path/Frameworks",
					"@executable_path/../../Frameworks",
				);
				MARKETING_VERSION = 1.0;
				PRODUCT_BUNDLE_IDENTIFIER = com.dauntless.scribos.scribowidget;
				PRODUCT_NAME = "$(TARGET_NAME)";
				SKIP_INSTALL = YES;
				SWIFT_EMIT_LOC_STRINGS = YES;
				SWIFT_VERSION = 5.0;
				TARGETED_DEVICE_FAMILY = "1,2";
			};
			name = Release;
		};
		BF00E8FA2CA1038200CCC3B5 /* Debug */ = {
			isa = XCBuildConfiguration;
			buildSettings = {
				ALWAYS_SEARCH_USER_PATHS = NO;
				ASSETCATALOG_COMPILER_GENERATE_SWIFT_ASSET_SYMBOL_EXTENSIONS = YES;
				CLANG_ANALYZER_NONNULL = YES;
				CLANG_ANALYZER_NUMBER_OBJECT_CONVERSION = YES_AGGRESSIVE;
				CLANG_CXX_LANGUAGE_STANDARD = "gnu++20";
				CLANG_ENABLE_MODULES = YES;
				CLANG_ENABLE_OBJC_ARC = YES;
				CLANG_ENABLE_OBJC_WEAK = YES;
				CLANG_WARN_BLOCK_CAPTURE_AUTORELEASING = YES;
				CLANG_WARN_BOOL_CONVERSION = YES;
				CLANG_WARN_COMMA = YES;
				CLANG_WARN_CONSTANT_CONVERSION = YES;
				CLANG_WARN_DEPRECATED_OBJC_IMPLEMENTATIONS = YES;
				CLANG_WARN_DIRECT_OBJC_ISA_USAGE = YES_ERROR;
				CLANG_WARN_DOCUMENTATION_COMMENTS = YES;
				CLANG_WARN_EMPTY_BODY = YES;
				CLANG_WARN_ENUM_CONVERSION = YES;
				CLANG_WARN_INFINITE_RECURSION = YES;
				CLANG_WARN_INT_CONVERSION = YES;
				CLANG_WARN_NON_LITERAL_NULL_CONVERSION = YES;
				CLANG_WARN_OBJC_IMPLICIT_RETAIN_SELF = YES;
				CLANG_WARN_OBJC_LITERAL_CONVERSION = YES;
				CLANG_WARN_OBJC_ROOT_CLASS = YES_ERROR;
				CLANG_WARN_QUOTED_INCLUDE_IN_FRAMEWORK_HEADER = YES;
				CLANG_WARN_RANGE_LOOP_ANALYSIS = YES;
				CLANG_WARN_STRICT_PROTOTYPES = YES;
				CLANG_WARN_SUSPICIOUS_MOVE = YES;
				CLANG_WARN_UNGUARDED_AVAILABILITY = YES_AGGRESSIVE;
				CLANG_WARN_UNREACHABLE_CODE = YES;
				CLANG_WARN__DUPLICATE_METHOD_MATCH = YES;
				COPY_PHASE_STRIP = NO;
				DEBUG_INFORMATION_FORMAT = dwarf;
				ENABLE_STRICT_OBJC_MSGSEND = YES;
				ENABLE_TESTABILITY = YES;
				ENABLE_USER_SCRIPT_SANDBOXING = YES;
				GCC_C_LANGUAGE_STANDARD = gnu17;
				GCC_DYNAMIC_NO_PIC = NO;
				GCC_NO_COMMON_BLOCKS = YES;
				GCC_OPTIMIZATION_LEVEL = 0;
				GCC_PREPROCESSOR_DEFINITIONS = (
					"DEBUG=1",
					"$(inherited)",
				);
				GCC_WARN_64_TO_32_BIT_CONVERSION = YES;
				GCC_WARN_ABOUT_RETURN_TYPE = YES_ERROR;
				GCC_WARN_UNDECLARED_SELECTOR = YES;
				GCC_WARN_UNINITIALIZED_AUTOS = YES_AGGRESSIVE;
				GCC_WARN_UNUSED_FUNCTION = YES;
				GCC_WARN_UNUSED_VARIABLE = YES;
				IPHONEOS_DEPLOYMENT_TARGET = 18.0;
				LOCALIZATION_PREFERS_STRING_CATALOGS = YES;
				MTL_ENABLE_DEBUG_INFO = INCLUDE_SOURCE;
				MTL_FAST_MATH = YES;
				ONLY_ACTIVE_ARCH = YES;
				SDKROOT = iphoneos;
				SWIFT_ACTIVE_COMPILATION_CONDITIONS = "DEBUG $(inherited)";
				SWIFT_OPTIMIZATION_LEVEL = "-Onone";
			};
			name = Debug;
		};
		BF00E8FB2CA1038200CCC3B5 /* Release */ = {
			isa = XCBuildConfiguration;
			buildSettings = {
				ALWAYS_SEARCH_USER_PATHS = NO;
				ASSETCATALOG_COMPILER_GENERATE_SWIFT_ASSET_SYMBOL_EXTENSIONS = YES;
				CLANG_ANALYZER_NONNULL = YES;
				CLANG_ANALYZER_NUMBER_OBJECT_CONVERSION = YES_AGGRESSIVE;
				CLANG_CXX_LANGUAGE_STANDARD = "gnu++20";
				CLANG_ENABLE_MODULES = YES;
				CLANG_ENABLE_OBJC_ARC = YES;
				CLANG_ENABLE_OBJC_WEAK = YES;
				CLANG_WARN_BLOCK_CAPTURE_AUTORELEASING = YES;
				CLANG_WARN_BOOL_CONVERSION = YES;
				CLANG_WARN_COMMA = YES;
				CLANG_WARN_CONSTANT_CONVERSION = YES;
				CLANG_WARN_DEPRECATED_OBJC_IMPLEMENTATIONS = YES;
				CLANG_WARN_DIRECT_OBJC_ISA_USAGE = YES_ERROR;
				CLANG_WARN_DOCUMENTATION_COMMENTS = YES;
				CLANG_WARN_EMPTY_BODY = YES;
				CLANG_WARN_ENUM_CONVERSION = YES;
				CLANG_WARN_INFINITE_RECURSION = YES;
				CLANG_WARN_INT_CONVERSION = YES;
				CLANG_WARN_NON_LITERAL_NULL_CONVERSION = YES;
				CLANG_WARN_OBJC_IMPLICIT_RETAIN_SELF = YES;
				CLANG_WARN_OBJC_LITERAL_CONVERSION = YES;
				CLANG_WARN_OBJC_ROOT_CLASS = YES_ERROR;
				CLANG_WARN_QUOTED_INCLUDE_IN_FRAMEWORK_HEADER = YES;
				CLANG_WARN_RANGE_LOOP_ANALYSIS = YES;
				CLANG_WARN_STRICT_PROTOTYPES = YES;
				CLANG_WARN_SUSPICIOUS_MOVE = YES;
				CLANG_WARN_UNGUARDED_AVAILABILITY = YES_AGGRESSIVE;
				CLANG_WARN_UNREACHABLE_CODE = YES;
				CLANG_WARN__DUPLICATE_METHOD_MATCH = YES;
				COPY_PHASE_STRIP = NO;
				DEBUG_INFORMATION_FORMAT = "dwarf-with-dsym";
				ENABLE_NS_ASSERTIONS = NO;
				ENABLE_STRICT_OBJC_MSGSEND = YES;
				ENABLE_USER_SCRIPT_SANDBOXING = YES;
				GCC_C_LANGUAGE_STANDARD = gnu17;
				GCC_NO_COMMON_BLOCKS = YES;
				GCC_WARN_64_TO_32_BIT_CONVERSION = YES;
				GCC_WARN_ABOUT_RETURN_TYPE = YES_ERROR;
				GCC_WARN_UNDECLARED_SELECTOR = YES;
				GCC_WARN_UNINITIALIZED_AUTOS = YES_AGGRESSIVE;
				GCC_WARN_UNUSED_FUNCTION = YES;
				GCC_WARN_UNUSED_VARIABLE = YES;
				IPHONEOS_DEPLOYMENT_TARGET = 18.0;
				LOCALIZATION_PREFERS_STRING_CATALOGS = YES;
				MTL_ENABLE_DEBUG_INFO = NO;
				MTL_FAST_MATH = YES;
				SDKROOT = iphoneos;
				SWIFT_COMPILATION_MODE = wholemodule;
				VALIDATE_PRODUCT = YES;
			};
			name = Release;
		};
		BF00E8FD2CA1038200CCC3B5 /* Debug */ = {
			isa = XCBuildConfiguration;
			buildSettings = {
				ASSETCATALOG_COMPILER_APPICON_NAME = AppIcon;
				ASSETCATALOG_COMPILER_GLOBAL_ACCENT_COLOR_NAME = AccentColor;
				CODE_SIGN_ENTITLEMENTS = Scribo/ScriboDebug.entitlements;
				CODE_SIGN_STYLE = Automatic;
				CURRENT_PROJECT_VERSION = 1;
				DEVELOPMENT_ASSET_PATHS = "\"Scribo/Preview Content\"";
				DEVELOPMENT_TEAM = T4U3LQTNHW;
				ENABLE_PREVIEWS = YES;
				GENERATE_INFOPLIST_FILE = YES;
				INFOPLIST_FILE = Scribo/Info.plist;
				INFOPLIST_KEY_CFBundleDisplayName = Scribo;
				INFOPLIST_KEY_LSApplicationCategoryType = "public.app-category.productivity";
				INFOPLIST_KEY_NSCameraUsageDescription = "Scribo needs access to your camera to take photos for your notes.";
				INFOPLIST_KEY_NSDocumentsFolderUsageDescription = "";
				INFOPLIST_KEY_NSLocalNetworkUsageDescription = "Scribo needs access to your local network to discover and connect to the classification server.";
				INFOPLIST_KEY_NSPhotoLibraryAddUsageDescription = "We need access to save your photos";
				INFOPLIST_KEY_NSPhotoLibraryUsageDescription = "Scribo needs access to your photo library to add photos to your notes.\"";
				INFOPLIST_KEY_UIApplicationSceneManifest_Generation = YES;
				INFOPLIST_KEY_UIApplicationSupportsIndirectInputEvents = YES;
				INFOPLIST_KEY_UILaunchScreen_Generation = YES;
				INFOPLIST_KEY_UISupportedInterfaceOrientations = UIInterfaceOrientationPortrait;
				INFOPLIST_KEY_UISupportedInterfaceOrientations_iPad = "UIInterfaceOrientationLandscapeLeft UIInterfaceOrientationLandscapeRight UIInterfaceOrientationPortrait UIInterfaceOrientationPortraitUpsideDown";
				LD_RUNPATH_SEARCH_PATHS = (
					"$(inherited)",
					"@executable_path/Frameworks",
				);
				MARKETING_VERSION = 1.0;
				PRODUCT_BUNDLE_IDENTIFIER = com.dauntless.scribos;
				PRODUCT_NAME = "$(TARGET_NAME)";
				SWIFT_EMIT_LOC_STRINGS = YES;
				SWIFT_VERSION = 5.0;
				TARGETED_DEVICE_FAMILY = "1,2";
			};
			name = Debug;
		};
		BF00E8FE2CA1038200CCC3B5 /* Release */ = {
			isa = XCBuildConfiguration;
			buildSettings = {
				ASSETCATALOG_COMPILER_APPICON_NAME = AppIcon;
				ASSETCATALOG_COMPILER_GLOBAL_ACCENT_COLOR_NAME = AccentColor;
				CODE_SIGN_ENTITLEMENTS = Scribo/Scribo.entitlements;
				CODE_SIGN_STYLE = Automatic;
				CURRENT_PROJECT_VERSION = 1;
				DEVELOPMENT_ASSET_PATHS = "\"Scribo/Preview Content\"";
				DEVELOPMENT_TEAM = T4U3LQTNHW;
				ENABLE_PREVIEWS = YES;
				GENERATE_INFOPLIST_FILE = YES;
				INFOPLIST_FILE = Scribo/Info.plist;
				INFOPLIST_KEY_CFBundleDisplayName = Scribo;
				INFOPLIST_KEY_LSApplicationCategoryType = "public.app-category.productivity";
				INFOPLIST_KEY_NSCameraUsageDescription = "Scribo needs access to your camera to take photos for your notes.";
				INFOPLIST_KEY_NSDocumentsFolderUsageDescription = "";
				INFOPLIST_KEY_NSLocalNetworkUsageDescription = "Scribo needs access to your local network to discover and connect to the classification server.";
				INFOPLIST_KEY_NSPhotoLibraryAddUsageDescription = "We need access to save your photos";
				INFOPLIST_KEY_NSPhotoLibraryUsageDescription = "Scribo needs access to your photo library to add photos to your notes.\"";
				INFOPLIST_KEY_UIApplicationSceneManifest_Generation = YES;
				INFOPLIST_KEY_UIApplicationSupportsIndirectInputEvents = YES;
				INFOPLIST_KEY_UILaunchScreen_Generation = YES;
				INFOPLIST_KEY_UISupportedInterfaceOrientations = UIInterfaceOrientationPortrait;
				INFOPLIST_KEY_UISupportedInterfaceOrientations_iPad = "UIInterfaceOrientationLandscapeLeft UIInterfaceOrientationLandscapeRight UIInterfaceOrientationPortrait UIInterfaceOrientationPortraitUpsideDown";
				LD_RUNPATH_SEARCH_PATHS = (
					"$(inherited)",
					"@executable_path/Frameworks",
				);
				MARKETING_VERSION = 1.0;
				PRODUCT_BUNDLE_IDENTIFIER = com.dauntless.scribos;
				PRODUCT_NAME = "$(TARGET_NAME)";
				SWIFT_EMIT_LOC_STRINGS = YES;
				SWIFT_VERSION = 5.0;
				TARGETED_DEVICE_FAMILY = "1,2";
			};
			name = Release;
		};
		BF00E9002CA1038200CCC3B5 /* Debug */ = {
			isa = XCBuildConfiguration;
			buildSettings = {
				BUNDLE_LOADER = "$(TEST_HOST)";
				CODE_SIGN_STYLE = Automatic;
				CURRENT_PROJECT_VERSION = 1;
				DEVELOPMENT_TEAM = T4U3LQTNHW;
				GENERATE_INFOPLIST_FILE = YES;
				IPHONEOS_DEPLOYMENT_TARGET = 18.0;
				MARKETING_VERSION = 1.0;
				PRODUCT_BUNDLE_IDENTIFIER = com.dauntless.ScriboTests;
				PRODUCT_NAME = "$(TARGET_NAME)";
				SWIFT_EMIT_LOC_STRINGS = NO;
				SWIFT_VERSION = 5.0;
				TARGETED_DEVICE_FAMILY = "1,2";
				TEST_HOST = "$(BUILT_PRODUCTS_DIR)/Scribo.app/$(BUNDLE_EXECUTABLE_FOLDER_PATH)/Scribo";
			};
			name = Debug;
		};
		BF00E9012CA1038200CCC3B5 /* Release */ = {
			isa = XCBuildConfiguration;
			buildSettings = {
				BUNDLE_LOADER = "$(TEST_HOST)";
				CODE_SIGN_STYLE = Automatic;
				CURRENT_PROJECT_VERSION = 1;
				DEVELOPMENT_TEAM = T4U3LQTNHW;
				GENERATE_INFOPLIST_FILE = YES;
				IPHONEOS_DEPLOYMENT_TARGET = 18.0;
				MARKETING_VERSION = 1.0;
				PRODUCT_BUNDLE_IDENTIFIER = com.dauntless.ScriboTests;
				PRODUCT_NAME = "$(TARGET_NAME)";
				SWIFT_EMIT_LOC_STRINGS = NO;
				SWIFT_VERSION = 5.0;
				TARGETED_DEVICE_FAMILY = "1,2";
				TEST_HOST = "$(BUILT_PRODUCTS_DIR)/Scribo.app/$(BUNDLE_EXECUTABLE_FOLDER_PATH)/Scribo";
			};
			name = Release;
		};
		BF00E9032CA1038200CCC3B5 /* Debug */ = {
			isa = XCBuildConfiguration;
			buildSettings = {
				CODE_SIGN_STYLE = Automatic;
				CURRENT_PROJECT_VERSION = 1;
				DEVELOPMENT_TEAM = T4U3LQTNHW;
				GENERATE_INFOPLIST_FILE = YES;
				MARKETING_VERSION = 1.0;
				PRODUCT_BUNDLE_IDENTIFIER = com.dauntless.ScriboUITests;
				PRODUCT_NAME = "$(TARGET_NAME)";
				SWIFT_EMIT_LOC_STRINGS = NO;
				SWIFT_VERSION = 5.0;
				TARGETED_DEVICE_FAMILY = "1,2";
				TEST_TARGET_NAME = Scribo;
			};
			name = Debug;
		};
		BF00E9042CA1038200CCC3B5 /* Release */ = {
			isa = XCBuildConfiguration;
			buildSettings = {
				CODE_SIGN_STYLE = Automatic;
				CURRENT_PROJECT_VERSION = 1;
				DEVELOPMENT_TEAM = T4U3LQTNHW;
				GENERATE_INFOPLIST_FILE = YES;
				MARKETING_VERSION = 1.0;
				PRODUCT_BUNDLE_IDENTIFIER = com.dauntless.ScriboUITests;
				PRODUCT_NAME = "$(TARGET_NAME)";
				SWIFT_EMIT_LOC_STRINGS = NO;
				SWIFT_VERSION = 5.0;
				TARGETED_DEVICE_FAMILY = "1,2";
				TEST_TARGET_NAME = Scribo;
			};
			name = Release;
		};
/* End XCBuildConfiguration section */

/* Begin XCConfigurationList section */
		313172942DF8DA2C007615C8 /* Build configuration list for PBXNativeTarget "ScriboWidgetExtension" */ = {
			isa = XCConfigurationList;
			buildConfigurations = (
				313172922DF8DA2C007615C8 /* Debug */,
				313172932DF8DA2C007615C8 /* Release */,
			);
			defaultConfigurationIsVisible = 0;
			defaultConfigurationName = Release;
		};
		BF00E8D32CA1038100CCC3B5 /* Build configuration list for PBXProject "Scribo" */ = {
			isa = XCConfigurationList;
			buildConfigurations = (
				BF00E8FA2CA1038200CCC3B5 /* Debug */,
				BF00E8FB2CA1038200CCC3B5 /* Release */,
			);
			defaultConfigurationIsVisible = 0;
			defaultConfigurationName = Release;
		};
		BF00E8FC2CA1038200CCC3B5 /* Build configuration list for PBXNativeTarget "Scribo" */ = {
			isa = XCConfigurationList;
			buildConfigurations = (
				BF00E8FD2CA1038200CCC3B5 /* Debug */,
				BF00E8FE2CA1038200CCC3B5 /* Release */,
			);
			defaultConfigurationIsVisible = 0;
			defaultConfigurationName = Release;
		};
		BF00E8FF2CA1038200CCC3B5 /* Build configuration list for PBXNativeTarget "ScriboTests" */ = {
			isa = XCConfigurationList;
			buildConfigurations = (
				BF00E9002CA1038200CCC3B5 /* Debug */,
				BF00E9012CA1038200CCC3B5 /* Release */,
			);
			defaultConfigurationIsVisible = 0;
			defaultConfigurationName = Release;
		};
		BF00E9022CA1038200CCC3B5 /* Build configuration list for PBXNativeTarget "ScriboUITests" */ = {
			isa = XCConfigurationList;
			buildConfigurations = (
				BF00E9032CA1038200CCC3B5 /* Debug */,
				BF00E9042CA1038200CCC3B5 /* Release */,
			);
			defaultConfigurationIsVisible = 0;
			defaultConfigurationName = Release;
		};
/* End XCConfigurationList section */

/* Begin XCRemoteSwiftPackageReference section */
		314A9FA12DF249860003AC6D /* XCRemoteSwiftPackageReference "swift-package-manager-google-mobile-ads" */ = {
			isa = XCRemoteSwiftPackageReference;
			repositoryURL = "https://github.com/googleads/swift-package-manager-google-mobile-ads.git";
			requirement = {
				kind = upToNextMajorVersion;
				minimumVersion = 12.5.0;
			};
		};
		317D88782DEA7E4D008C054B /* XCRemoteSwiftPackageReference "GoogleSignIn-iOS" */ = {
			isa = XCRemoteSwiftPackageReference;
			repositoryURL = "https://github.com/google/GoogleSignIn-iOS.git";
			requirement = {
				kind = upToNextMajorVersion;
				minimumVersion = 8.0.0;
			};
		};
		3199B9642F60C0A40040385D /* XCRemoteSwiftPackageReference "lottie-ios" */ = {
			isa = XCRemoteSwiftPackageReference;
			repositoryURL = "https://github.com/airbnb/lottie-ios";
			requirement = {
				kind = upToNextMajorVersion;
				minimumVersion = 4.6.0;
			};
		};
		31ABE0C32DDBC1A300515F83 /* XCRemoteSwiftPackageReference "supabase-swift" */ = {
			isa = XCRemoteSwiftPackageReference;
			repositoryURL = "https://github.com/supabase-community/supabase-swift.git";
			requirement = {
				kind = upToNextMajorVersion;
				minimumVersion = 2.5.1;
			};
		};
/* End XCRemoteSwiftPackageReference section */

/* Begin XCSwiftPackageProductDependency section */
		31920CE72DF24BF100DB0186 /* GoogleMobileAds */ = {
			isa = XCSwiftPackageProductDependency;
			productName = GoogleMobileAds;
		};
		3199B9652F60C0A40040385D /* Lottie */ = {
			isa = XCSwiftPackageProductDependency;
			package = 3199B9642F60C0A40040385D /* XCRemoteSwiftPackageReference "lottie-ios" */;
			productName = Lottie;
		};
		3199B9692F60C2060040385D /* Lottie */ = {
			isa = XCSwiftPackageProductDependency;
			package = 3199B9642F60C0A40040385D /* XCRemoteSwiftPackageReference "lottie-ios" */;
			productName = Lottie;
		};
		3199B96D2F60C4A60040385D /* Lottie */ = {
			isa = XCSwiftPackageProductDependency;
			package = 3199B9642F60C0A40040385D /* XCRemoteSwiftPackageReference "lottie-ios" */;
			productName = Lottie;
		};
		31ABE0E12DDBD24500515F83 /* Supabase */ = {
			isa = XCSwiftPackageProductDependency;
			package = 31ABE0C32DDBC1A300515F83 /* XCRemoteSwiftPackageReference "supabase-swift" */;
			productName = Supabase;
		};
/* End XCSwiftPackageProductDependency section */
	};
	rootObject = BF00E8D02CA1038100CCC3B5 /* Project object */;
}
