// !$*UTF8*$!
{
	archiveVersion = 1;
	classes = {
	};
	objectVersion = 77;
	objects = {

/* Begin PBXContainerItemProxy section */
		BF00E8E92CA1038200CCC3B5 /* PBXContainerItemProxy */ = {
			isa = PBXContainerItemProxy;
			containerPortal = BF00E8D02CA1038100CCC3B5 /* Project object */;
			proxyType = 1;
			remoteGlobalIDString = BF00E8D72CA1038100CCC3B5;
			remoteInfo = Scribo;
		};
		BF00E8F32CA1038200CCC3B5 /* PBXContainerItemProxy */ = {
			isa = PBXContainerItemProxy;
			containerPortal = BF00E8D02CA1038100CCC3B5 /* Project object */;
			proxyType = 1;
			remoteGlobalIDString = BF00E8D72CA1038100CCC3B5;
			remoteInfo = Scribo;
		};
/* End PBXContainerItemProxy section */

/* Begin PBXFileReference section */
		BF00E8D82CA1038100CCC3B5 /* Scribo.app */ = {isa = PBXFileReference; explicitFileType = wrapper.application; includeInIndex = 0; path = Scribo.app; sourceTree = BUILT_PRODUCTS_DIR; };
		BF00E8E82CA1038200CCC3B5 /* ScriboTests.xctest */ = {isa = PBXFileReference; explicitFileType = wrapper.cfbundle; includeInIndex = 0; path = ScriboTests.xctest; sourceTree = BUILT_PRODUCTS_DIR; };
		BF00E8F22CA1038200CCC3B5 /* ScriboUITests.xctest */ = {isa = PBXFileReference; explicitFileType = wrapper.cfbundle; includeInIndex = 0; path = ScriboUITests.xctest; sourceTree = BUILT_PRODUCTS_DIR; };
/* End PBXFileReference section */

/* Begin PBXFileSystemSynchronizedRootGroup section */
		BF00E8DA2CA1038100CCC3B5 /* Scribo */ = {
			isa = PBXFileSystemSynchronizedRootGroup;
			path = Scribo;
			sourceTree = "<group>";
		};
		BF00E8EB2CA1038200CCC3B5 /* ScriboTests */ = {
			isa = PBXFileSystemSynchronizedRootGroup;
			path = ScriboTests;
			sourceTree = "<group>";
		};
		BF00E8F52CA1038200CCC3B5 /* ScriboUITests */ = {
			isa = PBXFileSystemSynchronizedRootGroup;
			path = ScriboUITests;
			sourceTree = "<group>";
		};
/* End PBXFileSystemSynchronizedRootGroup section */

/* Begin PBXFrameworksBuildPhase section */
		BF00E8D52CA1038100CCC3B5 /* Frameworks */ = {
			isa = PBXFrameworksBuildPhase;
			buildActionMask = 2147483647;
			files = (
			);
			runOnlyForDeploymentPostprocessing = 0;
		};
		BF00E8E52CA1038200CCC3B5 /* Frameworks */ = {
			isa = PBXFrameworksBuildPhase;
			buildActionMask = 2147483647;
			files = (
			);
			runOnlyForDeploymentPostprocessing = 0;
		};
		BF00E8EF2CA1038200CCC3B5 /* Frameworks */ = {
			isa = PBXFrameworksBuildPhase;
			buildActionMask = 2147483647;
			files = (
			);
			runOnlyForDeploymentPostprocessing = 0;
		};
/* End PBXFrameworksBuildPhase section */

/* Begin PBXGroup section */
		BF00E8CF2CA1038100CCC3B5 = {
			isa = PBXGroup;
			children = (
				BF00E8DA2CA1038100CCC3B5 /* Scribo */,
				BF00E8EB2CA1038200CCC3B5 /* ScriboTests */,
				BF00E8F52CA1038200CCC3B5 /* ScriboUITests */,
				BF00E8D92CA1038100CCC3B5 /* Products */,
			);
			sourceTree = "<group>";
		};
		BF00E8D92CA1038100CCC3B5 /* Products */ = {
			isa = PBXGroup;
			children = (
				BF00E8D82CA1038100CCC3B5 /* Scribo.app */,
				BF00E8E82CA1038200CCC3B5 /* ScriboTests.xctest */,
				BF00E8F22CA1038200CCC3B5 /* ScriboUITests.xctest */,
			);
			name = Products;
			sourceTree = "<group>";
		};
/* End PBXGroup section */

/* Begin PBXNativeTarget section */
		BF00E8D72CA1038100CCC3B5 /* Scribo */ = {
			isa = PBXNativeTarget;
			buildConfigurationList = BF00E8FC2CA1038200CCC3B5 /* Build configuration list for PBXNativeTarget "Scribo" */;
			buildPhases = (
				BF00E8D42CA1038100CCC3B5 /* Sources */,
				BF00E8D52CA1038100CCC3B5 /* Frameworks */,
				BF00E8D62CA1038100CCC3B5 /* Resources */,
			);
			buildRules = (
			);
			dependencies = (
			);
			fileSystemSynchronizedGroups = (
				BF00E8DA2CA1038100CCC3B5 /* Scribo */,
			);
			name = Scribo;
			packageProductDependencies = (
			);
			productName = Scribo;
			productReference = BF00E8D82CA1038100CCC3B5 /* Scribo.app */;
			productType = "com.apple.product-type.application";
		};
		BF00E8E72CA1038200CCC3B5 /* ScriboTests */ = {
			isa = PBXNativeTarget;
			buildConfigurationList = BF00E8FF2CA1038200CCC3B5 /* Build configuration list for PBXNativeTarget "ScriboTests" */;
			buildPhases = (
				BF00E8E42CA1038200CCC3B5 /* Sources */,
				BF00E8E52CA1038200CCC3B5 /* Frameworks */,
				BF00E8E62CA1038200CCC3B5 /* Resources */,
			);
			buildRules = (
			);
			dependencies = (
				BF00E8EA2CA1038200CCC3B5 /* PBXTargetDependency */,
			);
			fileSystemSynchronizedGroups = (
				BF00E8EB2CA1038200CCC3B5 /* ScriboTests */,
			);
			name = ScriboTests;
			packageProductDependencies = (
			);
			productName = ScriboTests;
			productReference = BF00E8E82CA1038200CCC3B5 /* ScriboTests.xctest */;
			productType = "com.apple.product-type.bundle.unit-test";
		};
		BF00E8F12CA1038200CCC3B5 /* ScriboUITests */ = {
			isa = PBXNativeTarget;
			buildConfigurationList = BF00E9022CA1038200CCC3B5 /* Build configuration list for PBXNativeTarget "ScriboUITests" */;
			buildPhases = (
				BF00E8EE2CA1038200CCC3B5 /* Sources */,
				BF00E8EF2CA1038200CCC3B5 /* Frameworks */,
				BF00E8F02CA1038200CCC3B5 /* Resources */,
			);
			buildRules = (
			);
			dependencies = (
				BF00E8F42CA1038200CCC3B5 /* PBXTargetDependency */,
			);
			fileSystemSynchronizedGroups = (
				BF00E8F52CA1038200CCC3B5 /* ScriboUITests */,
			);
			name = ScriboUITests;
			packageProductDependencies = (
			);
			productName = ScriboUITests;
			productReference = BF00E8F22CA1038200CCC3B5 /* ScriboUITests.xctest */;
			productType = "com.apple.product-type.bundle.ui-testing";
		};
/* End PBXNativeTarget section */

/* Begin PBXProject section */
		BF00E8D02CA1038100CCC3B5 /* Project object */ = {
			isa = PBXProject;
			attributes = {
				BuildIndependentTargetsInParallel = 1;
				LastSwiftUpdateCheck = 1600;
				LastUpgradeCheck = 1600;
				TargetAttributes = {
					BF00E8D72CA1038100CCC3B5 = {
						CreatedOnToolsVersion = 16.0;
					};
					BF00E8E72CA1038200CCC3B5 = {
						CreatedOnToolsVersion = 16.0;
						TestTargetID = BF00E8D72CA1038100CCC3B5;
					};
					BF00E8F12CA1038200CCC3B5 = {
						CreatedOnToolsVersion = 16.0;
						TestTargetID = BF00E8D72CA1038100CCC3B5;
					};
				};
			};
			buildConfigurationList = BF00E8D32CA1038100CCC3B5 /* Build configuration list for PBXProject "Scribo" */;
			developmentRegion = en;
			hasScannedForEncodings = 0;
			knownRegions = (
				en,
				Base,
			);
			mainGroup = BF00E8CF2CA1038100CCC3B5;
			minimizedProjectReferenceProxies = 1;
			preferredProjectObjectVersion = 77;
			productRefGroup = BF00E8D92CA1038100CCC3B5 /* Products */;
			projectDirPath = "";
			projectRoot = "";
			targets = (
				BF00E8D72CA1038100CCC3B5 /* Scribo */,
				BF00E8E72CA1038200CCC3B5 /* ScriboTests */,
				BF00E8F12CA1038200CCC3B5 /* ScriboUITests */,
			);
		};
/* End PBXProject section */

/* Begin PBXResourcesBuildPhase section */
		BF00E8D62CA1038100CCC3B5 /* Resources */ = {
			isa = PBXResourcesBuildPhase;
			buildActionMask = 2147483647;
			files = (
			);
			runOnlyForDeploymentPostprocessing = 0;
		};
		BF00E8E62CA1038200CCC3B5 /* Resources */ = {
			isa = PBXResourcesBuildPhase;
			buildActionMask = 2147483647;
			files = (
			);
			runOnlyForDeploymentPostprocessing = 0;
		};
		BF00E8F02CA1038200CCC3B5 /* Resources */ = {
			isa = PBXResourcesBuildPhase;
			buildActionMask = 2147483647;
			files = (
			);
			runOnlyForDeploymentPostprocessing = 0;
		};
/* End PBXResourcesBuildPhase section */

/* Begin PBXSourcesBuildPhase section */
		BF00E8D42CA1038100CCC3B5 /* Sources */ = {
			isa = PBXSourcesBuildPhase;
			buildActionMask = 2147483647;
			files = (
			);
			runOnlyForDeploymentPostprocessing = 0;
		};
		BF00E8E42CA1038200CCC3B5 /* Sources */ = {
			isa = PBXSourcesBuildPhase;
			buildActionMask = 2147483647;
			files = (
			);
			runOnlyForDeploymentPostprocessing = 0;
		};
		BF00E8EE2CA1038200CCC3B5 /* Sources */ = {
			isa = PBXSourcesBuildPhase;
			buildActionMask = 2147483647;
			files = (
			);
			runOnlyForDeploymentPostprocessing = 0;
		};
/* End PBXSourcesBuildPhase section */

/* Begin PBXTargetDependency section */
		BF00E8EA2CA1038200CCC3B5 /* PBXTargetDependency */ = {
			isa = PBXTargetDependency;
			target = BF00E8D72CA1038100CCC3B5 /* Scribo */;
			targetProxy = BF00E8E92CA1038200CCC3B5 /* PBXContainerItemProxy */;
		};
		BF00E8F42CA1038200CCC3B5 /* PBXTargetDependency */ = {
			isa = PBXTargetDependency;
			target = BF00E8D72CA1038100CCC3B5 /* Scribo */;
			targetProxy = BF00E8F32CA1038200CCC3B5 /* PBXContainerItemProxy */;
		};
/* End PBXTargetDependency section */

/* Begin XCBuildConfiguration section */
		BF00E8FA2CA1038200CCC3B5 /* Debug */ = {
			isa = XCBuildConfiguration;
			buildSettings = {
				ALWAYS_SEARCH_USER_PATHS = NO;
				ASSETCATALOG_COMPILER_GENERATE_SWIFT_ASSET_SYMBOL_EXTENSIONS = YES;
				CLANG_ANALYZER_NONNULL = YES;
				CLANG_ANALYZER_NUMBER_OBJECT_CONVERSION = YES_AGGRESSIVE;
				CLANG_CXX_LANGUAGE_STANDARD = "gnu++20";
				CLANG_ENABLE_MODULES = YES;
				CLANG_ENABLE_OBJC_ARC = YES;
				CLANG_ENABLE_OBJC_WEAK = YES;
				CLANG_WARN_BLOCK_CAPTURE_AUTORELEASING = YES;
				CLANG_WARN_BOOL_CONVERSION = YES;
				CLANG_WARN_COMMA = YES;
				CLANG_WARN_CONSTANT_CONVERSION = YES;
				CLANG_WARN_DEPRECATED_OBJC_IMPLEMENTATIONS = YES;
				CLANG_WARN_DIRECT_OBJC_ISA_USAGE = YES_ERROR;
				CLANG_WARN_DOCUMENTATION_COMMENTS = YES;
				CLANG_WARN_EMPTY_BODY = YES;
				CLANG_WARN_ENUM_CONVERSION = YES;
				CLANG_WARN_INFINITE_RECURSION = YES;
				CLANG_WARN_INT_CONVERSION = YES;
				CLANG_WARN_NON_LITERAL_NULL_CONVERSION = YES;
				CLANG_WARN_OBJC_IMPLICIT_RETAIN_SELF = YES;
				CLANG_WARN_OBJC_LITERAL_CONVERSION = YES;
				CLANG_WARN_OBJC_ROOT_CLASS = YES_ERROR;
				CLANG_WARN_QUOTED_INCLUDE_IN_FRAMEWORK_HEADER = YES;
				CLANG_WARN_RANGE_LOOP_ANALYSIS = YES;
				CLANG_WARN_STRICT_PROTOTYPES = YES;
				CLANG_WARN_SUSPICIOUS_MOVE = YES;
				CLANG_WARN_UNGUARDED_AVAILABILITY = YES_AGGRESSIVE;
				CLANG_WARN_UNREACHABLE_CODE = YES;
				CLANG_WARN__DUPLICATE_METHOD_MATCH = YES;
				COPY_PHASE_STRIP = NO;
				DEBUG_INFORMATION_FORMAT = dwarf;
				ENABLE_STRICT_OBJC_MSGSEND = YES;
				ENABLE_TESTABILITY = YES;
				ENABLE_USER_SCRIPT_SANDBOXING = YES;
				GCC_C_LANGUAGE_STANDARD = gnu17;
				GCC_DYNAMIC_NO_PIC = NO;
				GCC_NO_COMMON_BLOCKS = YES;
				GCC_OPTIMIZATION_LEVEL = 0;
				GCC_PREPROCESSOR_DEFINITIONS = (
					"DEBUG=1",
					"$(inherited)",
				);
				GCC_WARN_64_TO_32_BIT_CONVERSION = YES;
				GCC_WARN_ABOUT_RETURN_TYPE = YES_ERROR;
				GCC_WARN_UNDECLARED_SELECTOR = YES;
				GCC_WARN_UNINITIALIZED_AUTOS = YES_AGGRESSIVE;
				GCC_WARN_UNUSED_FUNCTION = YES;
				GCC_WARN_UNUSED_VARIABLE = YES;
				IPHONEOS_DEPLOYMENT_TARGET = 18.0;
				LOCALIZATION_PREFERS_STRING_CATALOGS = YES;
				MTL_ENABLE_DEBUG_INFO = INCLUDE_SOURCE;
				MTL_FAST_MATH = YES;
				ONLY_ACTIVE_ARCH = YES;
				SDKROOT = iphoneos;
				SWIFT_ACTIVE_COMPILATION_CONDITIONS = "DEBUG $(inherited)";
				SWIFT_OPTIMIZATION_LEVEL = "-Onone";
			};
			name = Debug;
		};
		BF00E8FB2CA1038200CCC3B5 /* Release */ = {
			isa = XCBuildConfiguration;
			buildSettings = {
				ALWAYS_SEARCH_USER_PATHS = NO;
				ASSETCATALOG_COMPILER_GENERATE_SWIFT_ASSET_SYMBOL_EXTENSIONS = YES;
				CLANG_ANALYZER_NONNULL = YES;
				CLANG_ANALYZER_NUMBER_OBJECT_CONVERSION = YES_AGGRESSIVE;
				CLANG_CXX_LANGUAGE_STANDARD = "gnu++20";
				CLANG_ENABLE_MODULES = YES;
				CLANG_ENABLE_OBJC_ARC = YES;
				CLANG_ENABLE_OBJC_WEAK = YES;
				CLANG_WARN_BLOCK_CAPTURE_AUTORELEASING = YES;
				CLANG_WARN_BOOL_CONVERSION = YES;
				CLANG_WARN_COMMA = YES;
				CLANG_WARN_CONSTANT_CONVERSION = YES;
				CLANG_WARN_DEPRECATED_OBJC_IMPLEMENTATIONS = YES;
				CLANG_WARN_DIRECT_OBJC_ISA_USAGE = YES_ERROR;
				CLANG_WARN_DOCUMENTATION_COMMENTS = YES;
				CLANG_WARN_EMPTY_BODY = YES;
				CLANG_WARN_ENUM_CONVERSION = YES;
				CLANG_WARN_INFINITE_RECURSION = YES;
				CLANG_WARN_INT_CONVERSION = YES;
				CLANG_WARN_NON_LITERAL_NULL_CONVERSION = YES;
				CLANG_WARN_OBJC_IMPLICIT_RETAIN_SELF = YES;
				CLANG_WARN_OBJC_LITERAL_CONVERSION = YES;
				CLANG_WARN_OBJC_ROOT_CLASS = YES_ERROR;
				CLANG_WARN_QUOTED_INCLUDE_IN_FRAMEWORK_HEADER = YES;
				CLANG_WARN_RANGE_LOOP_ANALYSIS = YES;
				CLANG_WARN_STRICT_PROTOTYPES = YES;
				CLANG_WARN_SUSPICIOUS_MOVE = YES;
				CLANG_WARN_UNGUARDED_AVAILABILITY = YES_AGGRESSIVE;
				CLANG_WARN_UNREACHABLE_CODE = YES;
				CLANG_WARN__DUPLICATE_METHOD_MATCH = YES;
				COPY_PHASE_STRIP = NO;
				DEBUG_INFORMATION_FORMAT = "dwarf-with-dsym";
				ENABLE_NS_ASSERTIONS = NO;
				ENABLE_STRICT_OBJC_MSGSEND = YES;
				ENABLE_USER_SCRIPT_SANDBOXING = YES;
				GCC_C_LANGUAGE_STANDARD = gnu17;
				GCC_NO_COMMON_BLOCKS = YES;
				GCC_WARN_64_TO_32_BIT_CONVERSION = YES;
				GCC_WARN_ABOUT_RETURN_TYPE = YES_ERROR;
				GCC_WARN_UNDECLARED_SELECTOR = YES;
				GCC_WARN_UNINITIALIZED_AUTOS = YES_AGGRESSIVE;
				GCC_WARN_UNUSED_FUNCTION = YES;
				GCC_WARN_UNUSED_VARIABLE = YES;
				IPHONEOS_DEPLOYMENT_TARGET = 18.0;
				LOCALIZATION_PREFERS_STRING_CATALOGS = YES;
				MTL_ENABLE_DEBUG_INFO = NO;
				MTL_FAST_MATH = YES;
				SDKROOT = iphoneos;
				SWIFT_COMPILATION_MODE = wholemodule;
				VALIDATE_PRODUCT = YES;
			};
			name = Release;
		};
		BF00E8FD2CA1038200CCC3B5 /* Debug */ = {
			isa = XCBuildConfiguration;
			buildSettings = {
				ASSETCATALOG_COMPILER_APPICON_NAME = AppIcon;
				ASSETCATALOG_COMPILER_GLOBAL_ACCENT_COLOR_NAME = AccentColor;
				CODE_SIGN_STYLE = Automatic;
				CURRENT_PROJECT_VERSION = 1;
				DEVELOPMENT_ASSET_PATHS = "\"Scribo/Preview Content\"";
				ENABLE_PREVIEWS = YES;
				GENERATE_INFOPLIST_FILE = YES;
				INFOPLIST_KEY_CFBundleDisplayName = Scribo;
				INFOPLIST_KEY_UIApplicationSceneManifest_Generation = YES;
				INFOPLIST_KEY_UIApplicationSupportsIndirectInputEvents = YES;
				INFOPLIST_KEY_UILaunchScreen_Generation = YES;
				INFOPLIST_KEY_UISupportedInterfaceOrientations_iPad = "UIInterfaceOrientationPortrait UIInterfaceOrientationPortraitUpsideDown UIInterfaceOrientationLandscapeLeft UIInterfaceOrientationLandscapeRight";
				INFOPLIST_KEY_UISupportedInterfaceOrientations_iPhone = "UIInterfaceOrientationPortrait UIInterfaceOrientationLandscapeLeft UIInterfaceOrientationLandscapeRight";
				LD_RUNPATH_SEARCH_PATHS = (
					"$(inherited)",
					"@executable_path/Frameworks",
				);
				MARKETING_VERSION = 1.0;
				PRODUCT_BUNDLE_IDENTIFIER = com.dauntless.Scribo;
				PRODUCT_NAME = "$(TARGET_NAME)";
				SWIFT_EMIT_LOC_STRINGS = YES;
				SWIFT_VERSION = 5.0;
				TARGETED_DEVICE_FAMILY = "1,2";
			};
			name = Debug;
		};
		BF00E8FE2CA1038200CCC3B5 /* Release */ = {
			isa = XCBuildConfiguration;
			buildSettings = {
				ASSETCATALOG_COMPILER_APPICON_NAME = AppIcon;
				ASSETCATALOG_COMPILER_GLOBAL_ACCENT_COLOR_NAME = AccentColor;
				CODE_SIGN_STYLE = Automatic;
				CURRENT_PROJECT_VERSION = 1;
				DEVELOPMENT_ASSET_PATHS = "\"Scribo/Preview Content\"";
				ENABLE_PREVIEWS = YES;
				GENERATE_INFOPLIST_FILE = YES;
				INFOPLIST_KEY_CFBundleDisplayName = Scribo;
				INFOPLIST_KEY_UIApplicationSceneManifest_Generation = YES;
				INFOPLIST_KEY_UIApplicationSupportsIndirectInputEvents = YES;
				INFOPLIST_KEY_UILaunchScreen_Generation = YES;
				INFOPLIST_KEY_UISupportedInterfaceOrientations_iPad = "UIInterfaceOrientationPortrait UIInterfaceOrientationPortraitUpsideDown UIInterfaceOrientationLandscapeLeft UIInterfaceOrientationLandscapeRight";
				INFOPLIST_KEY_UISupportedInterfaceOrientations_iPhone = "UIInterfaceOrientationPortrait UIInterfaceOrientationLandscapeLeft UIInterfaceOrientationLandscapeRight";
				LD_RUNPATH_SEARCH_PATHS = (
					"$(inherited)",
					"@executable_path/Frameworks",
				);
				MARKETING_VERSION = 1.0;
				PRODUCT_BUNDLE_IDENTIFIER = com.dauntless.Scribo;
				PRODUCT_NAME = "$(TARGET_NAME)";
				SWIFT_EMIT_LOC_STRINGS = YES;
				SWIFT_VERSION = 5.0;
				TARGETED_DEVICE_FAMILY = "1,2";
			};
			name = Release;
		};
		BF00E9002CA1038200CCC3B5 /* Debug */ = {
			isa = XCBuildConfiguration;
			buildSettings = {
				BUNDLE_LOADER = "$(TEST_HOST)";
				CODE_SIGN_STYLE = Automatic;
				CURRENT_PROJECT_VERSION = 1;
				GENERATE_INFOPLIST_FILE = YES;
				IPHONEOS_DEPLOYMENT_TARGET = 18.0;
				MARKETING_VERSION = 1.0;
				PRODUCT_BUNDLE_IDENTIFIER = com.dauntless.ScriboTests;
				PRODUCT_NAME = "$(TARGET_NAME)";
				SWIFT_EMIT_LOC_STRINGS = NO;
				SWIFT_VERSION = 5.0;
				TARGETED_DEVICE_FAMILY = "1,2";
				TEST_HOST = "$(BUILT_PRODUCTS_DIR)/Scribo.app/$(BUNDLE_EXECUTABLE_FOLDER_PATH)/Scribo";
			};
			name = Debug;
		};
		BF00E9012CA1038200CCC3B5 /* Release */ = {
			isa = XCBuildConfiguration;
			buildSettings = {
				BUNDLE_LOADER = "$(TEST_HOST)";
				CODE_SIGN_STYLE = Automatic;
				CURRENT_PROJECT_VERSION = 1;
				GENERATE_INFOPLIST_FILE = YES;
				IPHONEOS_DEPLOYMENT_TARGET = 18.0;
				MARKETING_VERSION = 1.0;
				PRODUCT_BUNDLE_IDENTIFIER = com.dauntless.ScriboTests;
				PRODUCT_NAME = "$(TARGET_NAME)";
				SWIFT_EMIT_LOC_STRINGS = NO;
				SWIFT_VERSION = 5.0;
				TARGETED_DEVICE_FAMILY = "1,2";
				TEST_HOST = "$(BUILT_PRODUCTS_DIR)/Scribo.app/$(BUNDLE_EXECUTABLE_FOLDER_PATH)/Scribo";
			};
			name = Release;
		};
		BF00E9032CA1038200CCC3B5 /* Debug */ = {
			isa = XCBuildConfiguration;
			buildSettings = {
				CODE_SIGN_STYLE = Automatic;
				CURRENT_PROJECT_VERSION = 1;
				GENERATE_INFOPLIST_FILE = YES;
				MARKETING_VERSION = 1.0;
				PRODUCT_BUNDLE_IDENTIFIER = com.dauntless.ScriboUITests;
				PRODUCT_NAME = "$(TARGET_NAME)";
				SWIFT_EMIT_LOC_STRINGS = NO;
				SWIFT_VERSION = 5.0;
				TARGETED_DEVICE_FAMILY = "1,2";
				TEST_TARGET_NAME = Scribo;
			};
			name = Debug;
		};
		BF00E9042CA1038200CCC3B5 /* Release */ = {
			isa = XCBuildConfiguration;
			buildSettings = {
				CODE_SIGN_STYLE = Automatic;
				CURRENT_PROJECT_VERSION = 1;
				GENERATE_INFOPLIST_FILE = YES;
				MARKETING_VERSION = 1.0;
				PRODUCT_BUNDLE_IDENTIFIER = com.dauntless.ScriboUITests;
				PRODUCT_NAME = "$(TARGET_NAME)";
				SWIFT_EMIT_LOC_STRINGS = NO;
				SWIFT_VERSION = 5.0;
				TARGETED_DEVICE_FAMILY = "1,2";
				TEST_TARGET_NAME = Scribo;
			};
			name = Release;
		};
/* End XCBuildConfiguration section */

/* Begin XCConfigurationList section */
		BF00E8D32CA1038100CCC3B5 /* Build configuration list for PBXProject "Scribo" */ = {
			isa = XCConfigurationList;
			buildConfigurations = (
				BF00E8FA2CA1038200CCC3B5 /* Debug */,
				BF00E8FB2CA1038200CCC3B5 /* Release */,
			);
			defaultConfigurationIsVisible = 0;
			defaultConfigurationName = Release;
		};
		BF00E8FC2CA1038200CCC3B5 /* Build configuration list for PBXNativeTarget "Scribo" */ = {
			isa = XCConfigurationList;
			buildConfigurations = (
				BF00E8FD2CA1038200CCC3B5 /* Debug */,
				BF00E8FE2CA1038200CCC3B5 /* Release */,
			);
			defaultConfigurationIsVisible = 0;
			defaultConfigurationName = Release;
		};
		BF00E8FF2CA1038200CCC3B5 /* Build configuration list for PBXNativeTarget "ScriboTests" */ = {
			isa = XCConfigurationList;
			buildConfigurations = (
				BF00E9002CA1038200CCC3B5 /* Debug */,
				BF00E9012CA1038200CCC3B5 /* Release */,
			);
			defaultConfigurationIsVisible = 0;
			defaultConfigurationName = Release;
		};
		BF00E9022CA1038200CCC3B5 /* Build configuration list for PBXNativeTarget "ScriboUITests" */ = {
			isa = XCConfigurationList;
			buildConfigurations = (
				BF00E9032CA1038200CCC3B5 /* Debug */,
				BF00E9042CA1038200CCC3B5 /* Release */,
			);
			defaultConfigurationIsVisible = 0;
			defaultConfigurationName = Release;
		};
/* End XCConfigurationList section */
	};
	rootObject = BF00E8D02CA1038100CCC3B5 /* Project object */;
}
